
Microsoft Visual Studio Solution File, Format Version 12.00
# Visual Studio Version 17
VisualStudioVersion = 17.5.33627.172
MinimumVisualStudioVersion = 10.0.40219.1
Project("{FAE04EC0-301F-11D3-BF4B-00C04F79EFBC}") = "WaveClubAppEscritorio2", "WaveClubAppEscritorio2.csproj", "{864FEF46-D073-4AED-98B3-A35AC5B78BF0}"
EndProject
Global
	GlobalSection(SolutionConfigurationPlatforms) = preSolution
		Debug|Any CPU = Debug|Any CPU
		Release|Any CPU = Release|Any CPU
	EndGlobalSection
	GlobalSection(ProjectConfigurationPlatforms) = postSolution
		{864FEF46-D073-4AED-98B3-A35AC5B78BF0}.Debug|Any CPU.ActiveCfg = Debug|Any CPU
		{864FEF46-D073-4AED-98B3-A35AC5B78BF0}.Debug|Any CPU.Build.0 = Debug|Any CPU
		{864FEF46-D073-4AED-98B3-A35AC5B78BF0}.Release|Any CPU.ActiveCfg = Release|Any CPU
		{864FEF46-D073-4AED-98B3-A35AC5B78BF0}.Release|Any CPU.Build.0 = Release|Any CPU
	EndGlobalSection
	GlobalSection(SolutionProperties) = preSolution
		HideSolutionNode = FALSE
	EndGlobalSection
	GlobalSection(ExtensibilityGlobals) = postSolution
		SolutionGuid = {BAB753DF-EC8D-47C1-B511-F73DD6AB5BB5}
	EndGlobalSection
EndGlobal
